// !$*UTF8*$!
{
	archiveVersion = 1;
	classes = {
	};
	objectVersion = 77;
	objects = {

/* Begin PBXContainerItemProxy section */
		381E45CF2D8E55B1002DDBB3 /* PBXContainerItemProxy */ = {
			isa = PBXContainerItemProxy;
			containerPortal = 381E45B62D8E55B0002DDBB3 /* Project object */;
			proxyType = 1;
			remoteGlobalIDString = 381E45BD2D8E55B0002DDBB3;
			remoteInfo = MapTok;
		};
		381E45D92D8E55B1002DDBB3 /* PBXContainerItemProxy */ = {
			isa = PBXContainerItemProxy;
			containerPortal = 381E45B62D8E55B0002DDBB3 /* Project object */;
			proxyType = 1;
			remoteGlobalIDString = 381E45BD2D8E55B0002DDBB3;
			remoteInfo = MapTok;
		};
/* End PBXContainerItemProxy section */

/* Begin PBXFileReference section */
		381E45BE2D8E55B0002DDBB3 /* MapTok.app */ = {isa = PBXFileReference; explicitFileType = wrapper.application; includeInIndex = 0; path = MapTok.app; sourceTree = BUILT_PRODUCTS_DIR; };
		381E45CE2D8E55B1002DDBB3 /* MapTokTests.xctest */ = {isa = PBXFileReference; explicitFileType = wrapper.cfbundle; includeInIndex = 0; path = MapTokTests.xctest; sourceTree = BUILT_PRODUCTS_DIR; };
		381E45D82D8E55B1002DDBB3 /* MapTokUITests.xctest */ = {isa = PBXFileReference; explicitFileType = wrapper.cfbundle; includeInIndex = 0; path = MapTokUITests.xctest; sourceTree = BUILT_PRODUCTS_DIR; };
/* End PBXFileReference section */

/* Begin PBXFileSystemSynchronizedRootGroup section */
		381E45C02D8E55B0002DDBB3 /* MapTok */ = {
			isa = PBXFileSystemSynchronizedRootGroup;
			path = MapTok;
			sourceTree = "<group>";
		};
		381E45D12D8E55B1002DDBB3 /* MapTokTests */ = {
			isa = PBXFileSystemSynchronizedRootGroup;
			path = MapTokTests;
			sourceTree = "<group>";
		};
		381E45DB2D8E55B1002DDBB3 /* MapTokUITests */ = {
			isa = PBXFileSystemSynchronizedRootGroup;
			path = MapTokUITests;
			sourceTree = "<group>";
		};
/* End PBXFileSystemSynchronizedRootGroup section */

/* Begin PBXFrameworksBuildPhase section */
		381E45BB2D8E55B0002DDBB3 /* Frameworks */ = {
			isa = PBXFrameworksBuildPhase;
			buildActionMask = 2147483647;
			files = (
			);
			runOnlyForDeploymentPostprocessing = 0;
		};
		381E45CB2D8E55B1002DDBB3 /* Frameworks */ = {
			isa = PBXFrameworksBuildPhase;
			buildActionMask = 2147483647;
			files = (
			);
			runOnlyForDeploymentPostprocessing = 0;
		};
		381E45D52D8E55B1002DDBB3 /* Frameworks */ = {
			isa = PBXFrameworksBuildPhase;
			buildActionMask = 2147483647;
			files = (
			);
			runOnlyForDeploymentPostprocessing = 0;
		};
/* End PBXFrameworksBuildPhase section */

/* Begin PBXGroup section */
		381E45B52D8E55B0002DDBB3 = {
			isa = PBXGroup;
			children = (
				381E45C02D8E55B0002DDBB3 /* MapTok */,
				381E45D12D8E55B1002DDBB3 /* MapTokTests */,
				381E45DB2D8E55B1002DDBB3 /* MapTokUITests */,
				381E45BF2D8E55B0002DDBB3 /* Products */,
			);
			sourceTree = "<group>";
		};
		381E45BF2D8E55B0002DDBB3 /* Products */ = {
			isa = PBXGroup;
			children = (
				381E45BE2D8E55B0002DDBB3 /* MapTok.app */,
				381E45CE2D8E55B1002DDBB3 /* MapTokTests.xctest */,
				381E45D82D8E55B1002DDBB3 /* MapTokUITests.xctest */,
			);
			name = Products;
			sourceTree = "<group>";
		};
/* End PBXGroup section */

/* Begin PBXNativeTarget section */
		381E45BD2D8E55B0002DDBB3 /* MapTok */ = {
			isa = PBXNativeTarget;
			buildConfigurationList = 381E45E22D8E55B1002DDBB3 /* Build configuration list for PBXNativeTarget "MapTok" */;
			buildPhases = (
				381E45BA2D8E55B0002DDBB3 /* Sources */,
				381E45BB2D8E55B0002DDBB3 /* Frameworks */,
				381E45BC2D8E55B0002DDBB3 /* Resources */,
			);
			buildRules = (
			);
			dependencies = (
			);
			fileSystemSynchronizedGroups = (
				381E45C02D8E55B0002DDBB3 /* MapTok */,
			);
			name = MapTok;
			packageProductDependencies = (
			);
			productName = MapTok;
			productReference = 381E45BE2D8E55B0002DDBB3 /* MapTok.app */;
			productType = "com.apple.product-type.application";
		};
		381E45CD2D8E55B1002DDBB3 /* MapTokTests */ = {
			isa = PBXNativeTarget;
			buildConfigurationList = 381E45E52D8E55B1002DDBB3 /* Build configuration list for PBXNativeTarget "MapTokTests" */;
			buildPhases = (
				381E45CA2D8E55B1002DDBB3 /* Sources */,
				381E45CB2D8E55B1002DDBB3 /* Frameworks */,
				381E45CC2D8E55B1002DDBB3 /* Resources */,
			);
			buildRules = (
			);
			dependencies = (
				381E45D02D8E55B1002DDBB3 /* PBXTargetDependency */,
			);
			fileSystemSynchronizedGroups = (
				381E45D12D8E55B1002DDBB3 /* MapTokTests */,
			);
			name = MapTokTests;
			packageProductDependencies = (
			);
			productName = MapTokTests;
			productReference = 381E45CE2D8E55B1002DDBB3 /* MapTokTests.xctest */;
			productType = "com.apple.product-type.bundle.unit-test";
		};
		381E45D72D8E55B1002DDBB3 /* MapTokUITests */ = {
			isa = PBXNativeTarget;
			buildConfigurationList = 381E45E82D8E55B1002DDBB3 /* Build configuration list for PBXNativeTarget "MapTokUITests" */;
			buildPhases = (
				381E45D42D8E55B1002DDBB3 /* Sources */,
				381E45D52D8E55B1002DDBB3 /* Frameworks */,
				381E45D62D8E55B1002DDBB3 /* Resources */,
			);
			buildRules = (
			);
			dependencies = (
				381E45DA2D8E55B1002DDBB3 /* PBXTargetDependency */,
			);
			fileSystemSynchronizedGroups = (
				381E45DB2D8E55B1002DDBB3 /* MapTokUITests */,
			);
			name = MapTokUITests;
			packageProductDependencies = (
			);
			productName = MapTokUITests;
			productReference = 381E45D82D8E55B1002DDBB3 /* MapTokUITests.xctest */;
			productType = "com.apple.product-type.bundle.ui-testing";
		};
/* End PBXNativeTarget section */

/* Begin PBXProject section */
		381E45B62D8E55B0002DDBB3 /* Project object */ = {
			isa = PBXProject;
			attributes = {
				BuildIndependentTargetsInParallel = 1;
				LastSwiftUpdateCheck = 1620;
				LastUpgradeCheck = 1620;
				TargetAttributes = {
					381E45BD2D8E55B0002DDBB3 = {
						CreatedOnToolsVersion = 16.2;
					};
					381E45CD2D8E55B1002DDBB3 = {
						CreatedOnToolsVersion = 16.2;
						TestTargetID = 381E45BD2D8E55B0002DDBB3;
					};
					381E45D72D8E55B1002DDBB3 = {
						CreatedOnToolsVersion = 16.2;
						TestTargetID = 381E45BD2D8E55B0002DDBB3;
					};
				};
			};
			buildConfigurationList = 381E45B92D8E55B0002DDBB3 /* Build configuration list for PBXProject "MapTok" */;
			developmentRegion = en;
			hasScannedForEncodings = 0;
			knownRegions = (
				en,
				Base,
			);
			mainGroup = 381E45B52D8E55B0002DDBB3;
			minimizedProjectReferenceProxies = 1;
			preferredProjectObjectVersion = 77;
			productRefGroup = 381E45BF2D8E55B0002DDBB3 /* Products */;
			projectDirPath = "";
			projectRoot = "";
			targets = (
				381E45BD2D8E55B0002DDBB3 /* MapTok */,
				381E45CD2D8E55B1002DDBB3 /* MapTokTests */,
				381E45D72D8E55B1002DDBB3 /* MapTokUITests */,
			);
		};
/* End PBXProject section */

/* Begin PBXResourcesBuildPhase section */
		381E45BC2D8E55B0002DDBB3 /* Resources */ = {
			isa = PBXResourcesBuildPhase;
			buildActionMask = 2147483647;
			files = (
			);
			runOnlyForDeploymentPostprocessing = 0;
		};
		381E45CC2D8E55B1002DDBB3 /* Resources */ = {
			isa = PBXResourcesBuildPhase;
			buildActionMask = 2147483647;
			files = (
			);
			runOnlyForDeploymentPostprocessing = 0;
		};
		381E45D62D8E55B1002DDBB3 /* Resources */ = {
			isa = PBXResourcesBuildPhase;
			buildActionMask = 2147483647;
			files = (
			);
			runOnlyForDeploymentPostprocessing = 0;
		};
/* End PBXResourcesBuildPhase section */

/* Begin PBXSourcesBuildPhase section */
		381E45BA2D8E55B0002DDBB3 /* Sources */ = {
			isa = PBXSourcesBuildPhase;
			buildActionMask = 2147483647;
			files = (
			);
			runOnlyForDeploymentPostprocessing = 0;
		};
		381E45CA2D8E55B1002DDBB3 /* Sources */ = {
			isa = PBXSourcesBuildPhase;
			buildActionMask = 2147483647;
			files = (
			);
			runOnlyForDeploymentPostprocessing = 0;
		};
		381E45D42D8E55B1002DDBB3 /* Sources */ = {
			isa = PBXSourcesBuildPhase;
			buildActionMask = 2147483647;
			files = (
			);
			runOnlyForDeploymentPostprocessing = 0;
		};
/* End PBXSourcesBuildPhase section */

/* Begin PBXTargetDependency section */
		381E45D02D8E55B1002DDBB3 /* PBXTargetDependency */ = {
			isa = PBXTargetDependency;
			target = 381E45BD2D8E55B0002DDBB3 /* MapTok */;
			targetProxy = 381E45CF2D8E55B1002DDBB3 /* PBXContainerItemProxy */;
		};
		381E45DA2D8E55B1002DDBB3 /* PBXTargetDependency */ = {
			isa = PBXTargetDependency;
			target = 381E45BD2D8E55B0002DDBB3 /* MapTok */;
			targetProxy = 381E45D92D8E55B1002DDBB3 /* PBXContainerItemProxy */;
		};
/* End PBXTargetDependency section */

/* Begin XCBuildConfiguration section */
		381E45E02D8E55B1002DDBB3 /* Debug */ = {
			isa = XCBuildConfiguration;
			buildSettings = {
				ALWAYS_SEARCH_USER_PATHS = NO;
				ASSETCATALOG_COMPILER_GENERATE_SWIFT_ASSET_SYMBOL_EXTENSIONS = YES;
				CLANG_ANALYZER_NONNULL = YES;
				CLANG_ANALYZER_NUMBER_OBJECT_CONVERSION = YES_AGGRESSIVE;
				CLANG_CXX_LANGUAGE_STANDARD = "gnu++20";
				CLANG_ENABLE_MODULES = YES;
				CLANG_ENABLE_OBJC_ARC = YES;
				CLANG_ENABLE_OBJC_WEAK = YES;
				CLANG_WARN_BLOCK_CAPTURE_AUTORELEASING = YES;
				CLANG_WARN_BOOL_CONVERSION = YES;
				CLANG_WARN_COMMA = YES;
				CLANG_WARN_CONSTANT_CONVERSION = YES;
				CLANG_WARN_DEPRECATED_OBJC_IMPLEMENTATIONS = YES;
				CLANG_WARN_DIRECT_OBJC_ISA_USAGE = YES_ERROR;
				CLANG_WARN_DOCUMENTATION_COMMENTS = YES;
				CLANG_WARN_EMPTY_BODY = YES;
				CLANG_WARN_ENUM_CONVERSION = YES;
				CLANG_WARN_INFINITE_RECURSION = YES;
				CLANG_WARN_INT_CONVERSION = YES;
				CLANG_WARN_NON_LITERAL_NULL_CONVERSION = YES;
				CLANG_WARN_OBJC_IMPLICIT_RETAIN_SELF = YES;
				CLANG_WARN_OBJC_LITERAL_CONVERSION = YES;
				CLANG_WARN_OBJC_ROOT_CLASS = YES_ERROR;
				CLANG_WARN_QUOTED_INCLUDE_IN_FRAMEWORK_HEADER = YES;
				CLANG_WARN_RANGE_LOOP_ANALYSIS = YES;
				CLANG_WARN_STRICT_PROTOTYPES = YES;
				CLANG_WARN_SUSPICIOUS_MOVE = YES;
				CLANG_WARN_UNGUARDED_AVAILABILITY = YES_AGGRESSIVE;
				CLANG_WARN_UNREACHABLE_CODE = YES;
				CLANG_WARN__DUPLICATE_METHOD_MATCH = YES;
				COPY_PHASE_STRIP = NO;
				DEBUG_INFORMATION_FORMAT = dwarf;
				ENABLE_STRICT_OBJC_MSGSEND = YES;
				ENABLE_TESTABILITY = YES;
				ENABLE_USER_SCRIPT_SANDBOXING = YES;
				GCC_C_LANGUAGE_STANDARD = gnu17;
				GCC_DYNAMIC_NO_PIC = NO;
				GCC_NO_COMMON_BLOCKS = YES;
				GCC_OPTIMIZATION_LEVEL = 0;
				GCC_PREPROCESSOR_DEFINITIONS = (
					"DEBUG=1",
					"$(inherited)",
				);
				GCC_WARN_64_TO_32_BIT_CONVERSION = YES;
				GCC_WARN_ABOUT_RETURN_TYPE = YES_ERROR;
				GCC_WARN_UNDECLARED_SELECTOR = YES;
				GCC_WARN_UNINITIALIZED_AUTOS = YES_AGGRESSIVE;
				GCC_WARN_UNUSED_FUNCTION = YES;
				GCC_WARN_UNUSED_VARIABLE = YES;
				IPHONEOS_DEPLOYMENT_TARGET = 18.2;
				LOCALIZATION_PREFERS_STRING_CATALOGS = YES;
				MTL_ENABLE_DEBUG_INFO = INCLUDE_SOURCE;
				MTL_FAST_MATH = YES;
				ONLY_ACTIVE_ARCH = YES;
				SDKROOT = iphoneos;
				SWIFT_ACTIVE_COMPILATION_CONDITIONS = "DEBUG $(inherited)";
				SWIFT_OPTIMIZATION_LEVEL = "-Onone";
			};
			name = Debug;
		};
		381E45E12D8E55B1002DDBB3 /* Release */ = {
			isa = XCBuildConfiguration;
			buildSettings = {
				ALWAYS_SEARCH_USER_PATHS = NO;
				ASSETCATALOG_COMPILER_GENERATE_SWIFT_ASSET_SYMBOL_EXTENSIONS = YES;
				CLANG_ANALYZER_NONNULL = YES;
				CLANG_ANALYZER_NUMBER_OBJECT_CONVERSION = YES_AGGRESSIVE;
				CLANG_CXX_LANGUAGE_STANDARD = "gnu++20";
				CLANG_ENABLE_MODULES = YES;
				CLANG_ENABLE_OBJC_ARC = YES;
				CLANG_ENABLE_OBJC_WEAK = YES;
				CLANG_WARN_BLOCK_CAPTURE_AUTORELEASING = YES;
				CLANG_WARN_BOOL_CONVERSION = YES;
				CLANG_WARN_COMMA = YES;
				CLANG_WARN_CONSTANT_CONVERSION = YES;
				CLANG_WARN_DEPRECATED_OBJC_IMPLEMENTATIONS = YES;
				CLANG_WARN_DIRECT_OBJC_ISA_USAGE = YES_ERROR;
				CLANG_WARN_DOCUMENTATION_COMMENTS = YES;
				CLANG_WARN_EMPTY_BODY = YES;
				CLANG_WARN_ENUM_CONVERSION = YES;
				CLANG_WARN_INFINITE_RECURSION = YES;
				CLANG_WARN_INT_CONVERSION = YES;
				CLANG_WARN_NON_LITERAL_NULL_CONVERSION = YES;
				CLANG_WARN_OBJC_IMPLICIT_RETAIN_SELF = YES;
				CLANG_WARN_OBJC_LITERAL_CONVERSION = YES;
				CLANG_WARN_OBJC_ROOT_CLASS = YES_ERROR;
				CLANG_WARN_QUOTED_INCLUDE_IN_FRAMEWORK_HEADER = YES;
				CLANG_WARN_RANGE_LOOP_ANALYSIS = YES;
				CLANG_WARN_STRICT_PROTOTYPES = YES;
				CLANG_WARN_SUSPICIOUS_MOVE = YES;
				CLANG_WARN_UNGUARDED_AVAILABILITY = YES_AGGRESSIVE;
				CLANG_WARN_UNREACHABLE_CODE = YES;
				CLANG_WARN__DUPLICATE_METHOD_MATCH = YES;
				COPY_PHASE_STRIP = NO;
				DEBUG_INFORMATION_FORMAT = "dwarf-with-dsym";
				ENABLE_NS_ASSERTIONS = NO;
				ENABLE_STRICT_OBJC_MSGSEND = YES;
				ENABLE_USER_SCRIPT_SANDBOXING = YES;
				GCC_C_LANGUAGE_STANDARD = gnu17;
				GCC_NO_COMMON_BLOCKS = YES;
				GCC_WARN_64_TO_32_BIT_CONVERSION = YES;
				GCC_WARN_ABOUT_RETURN_TYPE = YES_ERROR;
				GCC_WARN_UNDECLARED_SELECTOR = YES;
				GCC_WARN_UNINITIALIZED_AUTOS = YES_AGGRESSIVE;
				GCC_WARN_UNUSED_FUNCTION = YES;
				GCC_WARN_UNUSED_VARIABLE = YES;
				IPHONEOS_DEPLOYMENT_TARGET = 18.2;
				LOCALIZATION_PREFERS_STRING_CATALOGS = YES;
				MTL_ENABLE_DEBUG_INFO = NO;
				MTL_FAST_MATH = YES;
				SDKROOT = iphoneos;
				SWIFT_COMPILATION_MODE = wholemodule;
				VALIDATE_PRODUCT = YES;
			};
			name = Release;
		};
		381E45E32D8E55B1002DDBB3 /* Debug */ = {
			isa = XCBuildConfiguration;
			buildSettings = {
				ASSETCATALOG_COMPILER_APPICON_NAME = AppIcon;
				ASSETCATALOG_COMPILER_GLOBAL_ACCENT_COLOR_NAME = AccentColor;
				CODE_SIGN_STYLE = Automatic;
				CURRENT_PROJECT_VERSION = 1;
				DEVELOPMENT_ASSET_PATHS = "\"MapTok/Preview Content\"";
				ENABLE_PREVIEWS = YES;
				GENERATE_INFOPLIST_FILE = YES;
				INFOPLIST_KEY_UIApplicationSceneManifest_Generation = YES;
				INFOPLIST_KEY_UIApplicationSupportsIndirectInputEvents = YES;
				INFOPLIST_KEY_UILaunchScreen_Generation = YES;
				INFOPLIST_KEY_UISupportedInterfaceOrientations_iPad = "UIInterfaceOrientationPortrait UIInterfaceOrientationPortraitUpsideDown UIInterfaceOrientationLandscapeLeft UIInterfaceOrientationLandscapeRight";
				INFOPLIST_KEY_UISupportedInterfaceOrientations_iPhone = "UIInterfaceOrientationPortrait UIInterfaceOrientationLandscapeLeft UIInterfaceOrientationLandscapeRight";
				LD_RUNPATH_SEARCH_PATHS = (
					"$(inherited)",
					"@executable_path/Frameworks",
				);
				MARKETING_VERSION = 1.0;
				PRODUCT_BUNDLE_IDENTIFIER = MT.MapTok;
				PRODUCT_NAME = "$(TARGET_NAME)";
				SWIFT_EMIT_LOC_STRINGS = YES;
				SWIFT_VERSION = 5.0;
				TARGETED_DEVICE_FAMILY = "1,2";
			};
			name = Debug;
		};
		381E45E42D8E55B1002DDBB3 /* Release */ = {
			isa = XCBuildConfiguration;
			buildSettings = {
				ASSETCATALOG_COMPILER_APPICON_NAME = AppIcon;
				ASSETCATALOG_COMPILER_GLOBAL_ACCENT_COLOR_NAME = AccentColor;
				CODE_SIGN_STYLE = Automatic;
				CURRENT_PROJECT_VERSION = 1;
				DEVELOPMENT_ASSET_PATHS = "\"MapTok/Preview Content\"";
				ENABLE_PREVIEWS = YES;
				GENERATE_INFOPLIST_FILE = YES;
				INFOPLIST_KEY_UIApplicationSceneManifest_Generation = YES;
				INFOPLIST_KEY_UIApplicationSupportsIndirectInputEvents = YES;
				INFOPLIST_KEY_UILaunchScreen_Generation = YES;
				INFOPLIST_KEY_UISupportedInterfaceOrientations_iPad = "UIInterfaceOrientationPortrait UIInterfaceOrientationPortraitUpsideDown UIInterfaceOrientationLandscapeLeft UIInterfaceOrientationLandscapeRight";
				INFOPLIST_KEY_UISupportedInterfaceOrientations_iPhone = "UIInterfaceOrientationPortrait UIInterfaceOrientationLandscapeLeft UIInterfaceOrientationLandscapeRight";
				LD_RUNPATH_SEARCH_PATHS = (
					"$(inherited)",
					"@executable_path/Frameworks",
				);
				MARKETING_VERSION = 1.0;
				PRODUCT_BUNDLE_IDENTIFIER = MT.MapTok;
				PRODUCT_NAME = "$(TARGET_NAME)";
				SWIFT_EMIT_LOC_STRINGS = YES;
				SWIFT_VERSION = 5.0;
				TARGETED_DEVICE_FAMILY = "1,2";
			};
			name = Release;
		};
		381E45E62D8E55B1002DDBB3 /* Debug */ = {
			isa = XCBuildConfiguration;
			buildSettings = {
				BUNDLE_LOADER = "$(TEST_HOST)";
				CODE_SIGN_STYLE = Automatic;
				CURRENT_PROJECT_VERSION = 1;
				GENERATE_INFOPLIST_FILE = YES;
				IPHONEOS_DEPLOYMENT_TARGET = 18.2;
				MARKETING_VERSION = 1.0;
				PRODUCT_BUNDLE_IDENTIFIER = MT.MapTokTests;
				PRODUCT_NAME = "$(TARGET_NAME)";
				SWIFT_EMIT_LOC_STRINGS = NO;
				SWIFT_VERSION = 5.0;
				TARGETED_DEVICE_FAMILY = "1,2";
				TEST_HOST = "$(BUILT_PRODUCTS_DIR)/MapTok.app/$(BUNDLE_EXECUTABLE_FOLDER_PATH)/MapTok";
			};
			name = Debug;
		};
		381E45E72D8E55B1002DDBB3 /* Release */ = {
			isa = XCBuildConfiguration;
			buildSettings = {
				BUNDLE_LOADER = "$(TEST_HOST)";
				CODE_SIGN_STYLE = Automatic;
				CURRENT_PROJECT_VERSION = 1;
				GENERATE_INFOPLIST_FILE = YES;
				IPHONEOS_DEPLOYMENT_TARGET = 18.2;
				MARKETING_VERSION = 1.0;
				PRODUCT_BUNDLE_IDENTIFIER = MT.MapTokTests;
				PRODUCT_NAME = "$(TARGET_NAME)";
				SWIFT_EMIT_LOC_STRINGS = NO;
				SWIFT_VERSION = 5.0;
				TARGETED_DEVICE_FAMILY = "1,2";
				TEST_HOST = "$(BUILT_PRODUCTS_DIR)/MapTok.app/$(BUNDLE_EXECUTABLE_FOLDER_PATH)/MapTok";
			};
			name = Release;
		};
		381E45E92D8E55B1002DDBB3 /* Debug */ = {
			isa = XCBuildConfiguration;
			buildSettings = {
				CODE_SIGN_STYLE = Automatic;
				CURRENT_PROJECT_VERSION = 1;
				GENERATE_INFOPLIST_FILE = YES;
				MARKETING_VERSION = 1.0;
				PRODUCT_BUNDLE_IDENTIFIER = MT.MapTokUITests;
				PRODUCT_NAME = "$(TARGET_NAME)";
				SWIFT_EMIT_LOC_STRINGS = NO;
				SWIFT_VERSION = 5.0;
				TARGETED_DEVICE_FAMILY = "1,2";
				TEST_TARGET_NAME = MapTok;
			};
			name = Debug;
		};
		381E45EA2D8E55B1002DDBB3 /* Release */ = {
			isa = XCBuildConfiguration;
			buildSettings = {
				CODE_SIGN_STYLE = Automatic;
				CURRENT_PROJECT_VERSION = 1;
				GENERATE_INFOPLIST_FILE = YES;
				MARKETING_VERSION = 1.0;
				PRODUCT_BUNDLE_IDENTIFIER = MT.MapTokUITests;
				PRODUCT_NAME = "$(TARGET_NAME)";
				SWIFT_EMIT_LOC_STRINGS = NO;
				SWIFT_VERSION = 5.0;
				TARGETED_DEVICE_FAMILY = "1,2";
				TEST_TARGET_NAME = MapTok;
			};
			name = Release;
		};
/* End XCBuildConfiguration section */

/* Begin XCConfigurationList section */
		381E45B92D8E55B0002DDBB3 /* Build configuration list for PBXProject "MapTok" */ = {
			isa = XCConfigurationList;
			buildConfigurations = (
				381E45E02D8E55B1002DDBB3 /* Debug */,
				381E45E12D8E55B1002DDBB3 /* Release */,
			);
			defaultConfigurationIsVisible = 0;
			defaultConfigurationName = Release;
		};
		381E45E22D8E55B1002DDBB3 /* Build configuration list for PBXNativeTarget "MapTok" */ = {
			isa = XCConfigurationList;
			buildConfigurations = (
				381E45E32D8E55B1002DDBB3 /* Debug */,
				381E45E42D8E55B1002DDBB3 /* Release */,
			);
			defaultConfigurationIsVisible = 0;
			defaultConfigurationName = Release;
		};
		381E45E52D8E55B1002DDBB3 /* Build configuration list for PBXNativeTarget "MapTokTests" */ = {
			isa = XCConfigurationList;
			buildConfigurations = (
				381E45E62D8E55B1002DDBB3 /* Debug */,
				381E45E72D8E55B1002DDBB3 /* Release */,
			);
			defaultConfigurationIsVisible = 0;
			defaultConfigurationName = Release;
		};
		381E45E82D8E55B1002DDBB3 /* Build configuration list for PBXNativeTarget "MapTokUITests" */ = {
			isa = XCConfigurationList;
			buildConfigurations = (
				381E45E92D8E55B1002DDBB3 /* Debug */,
				381E45EA2D8E55B1002DDBB3 /* Release */,
			);
			defaultConfigurationIsVisible = 0;
			defaultConfigurationName = Release;
		};
/* End XCConfigurationList section */
	};
	rootObject = 381E45B62D8E55B0002DDBB3 /* Project object */;
}
